// !$*UTF8*$!
{
	archiveVersion = 1;
	classes = {
	};
	objectVersion = 55;
	objects = {

/* Begin PBXBuildFile section */
		85DA0BD02886ADE700CCDB36 /* AppDelegate.swift in Sources */ = {isa = PBXBuildFile; fileRef = 85DA0BCF2886ADE700CCDB36 /* AppDelegate.swift */; };
		85DA0BD22886ADE700CCDB36 /* SceneDelegate.swift in Sources */ = {isa = PBXBuildFile; fileRef = 85DA0BD12886ADE700CCDB36 /* SceneDelegate.swift */; };
		85DA0BD42886ADE700CCDB36 /* ViewController.swift in Sources */ = {isa = PBXBuildFile; fileRef = 85DA0BD32886ADE700CCDB36 /* ViewController.swift */; };
		85DA0BD72886ADE700CCDB36 /* Main.storyboard in Resources */ = {isa = PBXBuildFile; fileRef = 85DA0BD52886ADE700CCDB36 /* Main.storyboard */; };
		85DA0BD92886ADE900CCDB36 /* Assets.xcassets in Resources */ = {isa = PBXBuildFile; fileRef = 85DA0BD82886ADE900CCDB36 /* Assets.xcassets */; };
		85DA0BDC2886ADE900CCDB36 /* LaunchScreen.storyboard in Resources */ = {isa = PBXBuildFile; fileRef = 85DA0BDA2886ADE900CCDB36 /* LaunchScreen.storyboard */; };
		85DA0BE72886ADEA00CCDB36 /* MusicAppTests.swift in Sources */ = {isa = PBXBuildFile; fileRef = 85DA0BE62886ADEA00CCDB36 /* MusicAppTests.swift */; };
		85DA0BF12886ADEA00CCDB36 /* MusicAppUITests.swift in Sources */ = {isa = PBXBuildFile; fileRef = 85DA0BF02886ADEA00CCDB36 /* MusicAppUITests.swift */; };
		85DA0BF32886ADEA00CCDB36 /* MusicAppUITestsLaunchTests.swift in Sources */ = {isa = PBXBuildFile; fileRef = 85DA0BF22886ADEA00CCDB36 /* MusicAppUITestsLaunchTests.swift */; };
/* End PBXBuildFile section */

/* Begin PBXContainerItemProxy section */
		85DA0BE32886ADEA00CCDB36 /* PBXContainerItemProxy */ = {
			isa = PBXContainerItemProxy;
			containerPortal = 85DA0BC42886ADE700CCDB36 /* Project object */;
			proxyType = 1;
			remoteGlobalIDString = 85DA0BCB2886ADE700CCDB36;
			remoteInfo = MusicApp;
		};
		85DA0BED2886ADEA00CCDB36 /* PBXContainerItemProxy */ = {
			isa = PBXContainerItemProxy;
			containerPortal = 85DA0BC42886ADE700CCDB36 /* Project object */;
			proxyType = 1;
			remoteGlobalIDString = 85DA0BCB2886ADE700CCDB36;
			remoteInfo = MusicApp;
		};
/* End PBXContainerItemProxy section */

/* Begin PBXFileReference section */
		85DA0BCC2886ADE700CCDB36 /* MusicApp.app */ = {isa = PBXFileReference; explicitFileType = wrapper.application; includeInIndex = 0; path = MusicApp.app; sourceTree = BUILT_PRODUCTS_DIR; };
		85DA0BCF2886ADE700CCDB36 /* AppDelegate.swift */ = {isa = PBXFileReference; lastKnownFileType = sourcecode.swift; path = AppDelegate.swift; sourceTree = "<group>"; };
		85DA0BD12886ADE700CCDB36 /* SceneDelegate.swift */ = {isa = PBXFileReference; lastKnownFileType = sourcecode.swift; path = SceneDelegate.swift; sourceTree = "<group>"; };
		85DA0BD32886ADE700CCDB36 /* ViewController.swift */ = {isa = PBXFileReference; lastKnownFileType = sourcecode.swift; path = ViewController.swift; sourceTree = "<group>"; };
		85DA0BD62886ADE700CCDB36 /* Base */ = {isa = PBXFileReference; lastKnownFileType = file.storyboard; name = Base; path = Base.lproj/Main.storyboard; sourceTree = "<group>"; };
		85DA0BD82886ADE900CCDB36 /* Assets.xcassets */ = {isa = PBXFileReference; lastKnownFileType = folder.assetcatalog; path = Assets.xcassets; sourceTree = "<group>"; };
		85DA0BDB2886ADE900CCDB36 /* Base */ = {isa = PBXFileReference; lastKnownFileType = file.storyboard; name = Base; path = Base.lproj/LaunchScreen.storyboard; sourceTree = "<group>"; };
		85DA0BDD2886ADE900CCDB36 /* Info.plist */ = {isa = PBXFileReference; lastKnownFileType = text.plist.xml; path = Info.plist; sourceTree = "<group>"; };
		85DA0BE22886ADEA00CCDB36 /* MusicAppTests.xctest */ = {isa = PBXFileReference; explicitFileType = wrapper.cfbundle; includeInIndex = 0; path = MusicAppTests.xctest; sourceTree = BUILT_PRODUCTS_DIR; };
		85DA0BE62886ADEA00CCDB36 /* MusicAppTests.swift */ = {isa = PBXFileReference; lastKnownFileType = sourcecode.swift; path = MusicAppTests.swift; sourceTree = "<group>"; };
		85DA0BEC2886ADEA00CCDB36 /* MusicAppUITests.xctest */ = {isa = PBXFileReference; explicitFileType = wrapper.cfbundle; includeInIndex = 0; path = MusicAppUITests.xctest; sourceTree = BUILT_PRODUCTS_DIR; };
		85DA0BF02886ADEA00CCDB36 /* MusicAppUITests.swift */ = {isa = PBXFileReference; lastKnownFileType = sourcecode.swift; path = MusicAppUITests.swift; sourceTree = "<group>"; };
		85DA0BF22886ADEA00CCDB36 /* MusicAppUITestsLaunchTests.swift */ = {isa = PBXFileReference; lastKnownFileType = sourcecode.swift; path = MusicAppUITestsLaunchTests.swift; sourceTree = "<group>"; };
/* End PBXFileReference section */

/* Begin PBXFrameworksBuildPhase section */
		85DA0BC92886ADE700CCDB36 /* Frameworks */ = {
			isa = PBXFrameworksBuildPhase;
			buildActionMask = 2147483647;
			files = (
			);
			runOnlyForDeploymentPostprocessing = 0;
		};
		85DA0BDF2886ADEA00CCDB36 /* Frameworks */ = {
			isa = PBXFrameworksBuildPhase;
			buildActionMask = 2147483647;
			files = (
			);
			runOnlyForDeploymentPostprocessing = 0;
		};
		85DA0BE92886ADEA00CCDB36 /* Frameworks */ = {
			isa = PBXFrameworksBuildPhase;
			buildActionMask = 2147483647;
			files = (
			);
			runOnlyForDeploymentPostprocessing = 0;
		};
/* End PBXFrameworksBuildPhase section */

/* Begin PBXGroup section */
		85DA0BC32886ADE700CCDB36 = {
			isa = PBXGroup;
			children = (
				85DA0BCE2886ADE700CCDB36 /* MusicApp */,
				85DA0BE52886ADEA00CCDB36 /* MusicAppTests */,
				85DA0BEF2886ADEA00CCDB36 /* MusicAppUITests */,
				85DA0BCD2886ADE700CCDB36 /* Products */,
			);
			sourceTree = "<group>";
		};
		85DA0BCD2886ADE700CCDB36 /* Products */ = {
			isa = PBXGroup;
			children = (
				85DA0BCC2886ADE700CCDB36 /* MusicApp.app */,
				85DA0BE22886ADEA00CCDB36 /* MusicAppTests.xctest */,
				85DA0BEC2886ADEA00CCDB36 /* MusicAppUITests.xctest */,
			);
			name = Products;
			sourceTree = "<group>";
		};
		85DA0BCE2886ADE700CCDB36 /* MusicApp */ = {
			isa = PBXGroup;
			children = (
				85DA0BCF2886ADE700CCDB36 /* AppDelegate.swift */,
				85DA0BD12886ADE700CCDB36 /* SceneDelegate.swift */,
				85DA0BD32886ADE700CCDB36 /* ViewController.swift */,
				85DA0BD52886ADE700CCDB36 /* Main.storyboard */,
				85DA0BD82886ADE900CCDB36 /* Assets.xcassets */,
				85DA0BDA2886ADE900CCDB36 /* LaunchScreen.storyboard */,
				85DA0BDD2886ADE900CCDB36 /* Info.plist */,
			);
			path = MusicApp;
			sourceTree = "<group>";
		};
		85DA0BE52886ADEA00CCDB36 /* MusicAppTests */ = {
			isa = PBXGroup;
			children = (
				85DA0BE62886ADEA00CCDB36 /* MusicAppTests.swift */,
			);
			path = MusicAppTests;
			sourceTree = "<group>";
		};
		85DA0BEF2886ADEA00CCDB36 /* MusicAppUITests */ = {
			isa = PBXGroup;
			children = (
				85DA0BF02886ADEA00CCDB36 /* MusicAppUITests.swift */,
				85DA0BF22886ADEA00CCDB36 /* MusicAppUITestsLaunchTests.swift */,
			);
			path = MusicAppUITests;
			sourceTree = "<group>";
		};
/* End PBXGroup section */

/* Begin PBXNativeTarget section */
		85DA0BCB2886ADE700CCDB36 /* MusicApp */ = {
			isa = PBXNativeTarget;
			buildConfigurationList = 85DA0BF62886ADEA00CCDB36 /* Build configuration list for PBXNativeTarget "MusicApp" */;
			buildPhases = (
				85DA0BC82886ADE700CCDB36 /* Sources */,
				85DA0BC92886ADE700CCDB36 /* Frameworks */,
				85DA0BCA2886ADE700CCDB36 /* Resources */,
			);
			buildRules = (
			);
			dependencies = (
			);
			name = MusicApp;
			productName = MusicApp;
			productReference = 85DA0BCC2886ADE700CCDB36 /* MusicApp.app */;
			productType = "com.apple.product-type.application";
		};
		85DA0BE12886ADEA00CCDB36 /* MusicAppTests */ = {
			isa = PBXNativeTarget;
			buildConfigurationList = 85DA0BF92886ADEA00CCDB36 /* Build configuration list for PBXNativeTarget "MusicAppTests" */;
			buildPhases = (
				85DA0BDE2886ADEA00CCDB36 /* Sources */,
				85DA0BDF2886ADEA00CCDB36 /* Frameworks */,
				85DA0BE02886ADEA00CCDB36 /* Resources */,
			);
			buildRules = (
			);
			dependencies = (
				85DA0BE42886ADEA00CCDB36 /* PBXTargetDependency */,
			);
			name = MusicAppTests;
			productName = MusicAppTests;
			productReference = 85DA0BE22886ADEA00CCDB36 /* MusicAppTests.xctest */;
			productType = "com.apple.product-type.bundle.unit-test";
		};
		85DA0BEB2886ADEA00CCDB36 /* MusicAppUITests */ = {
			isa = PBXNativeTarget;
			buildConfigurationList = 85DA0BFC2886ADEA00CCDB36 /* Build configuration list for PBXNativeTarget "MusicAppUITests" */;
			buildPhases = (
				85DA0BE82886ADEA00CCDB36 /* Sources */,
				85DA0BE92886ADEA00CCDB36 /* Frameworks */,
				85DA0BEA2886ADEA00CCDB36 /* Resources */,
			);
			buildRules = (
			);
			dependencies = (
				85DA0BEE2886ADEA00CCDB36 /* PBXTargetDependency */,
			);
			name = MusicAppUITests;
			productName = MusicAppUITests;
			productReference = 85DA0BEC2886ADEA00CCDB36 /* MusicAppUITests.xctest */;
			productType = "com.apple.product-type.bundle.ui-testing";
		};
/* End PBXNativeTarget section */

/* Begin PBXProject section */
		85DA0BC42886ADE700CCDB36 /* Project object */ = {
			isa = PBXProject;
			attributes = {
				BuildIndependentTargetsInParallel = 1;
				LastSwiftUpdateCheck = 1340;
				LastUpgradeCheck = 1340;
				TargetAttributes = {
					85DA0BCB2886ADE700CCDB36 = {
						CreatedOnToolsVersion = 13.4.1;
					};
					85DA0BE12886ADEA00CCDB36 = {
						CreatedOnToolsVersion = 13.4.1;
						TestTargetID = 85DA0BCB2886ADE700CCDB36;
					};
					85DA0BEB2886ADEA00CCDB36 = {
						CreatedOnToolsVersion = 13.4.1;
						TestTargetID = 85DA0BCB2886ADE700CCDB36;
					};
				};
			};
			buildConfigurationList = 85DA0BC72886ADE700CCDB36 /* Build configuration list for PBXProject "MusicApp" */;
			compatibilityVersion = "Xcode 13.0";
			developmentRegion = en;
			hasScannedForEncodings = 0;
			knownRegions = (
				en,
				Base,
			);
			mainGroup = 85DA0BC32886ADE700CCDB36;
			productRefGroup = 85DA0BCD2886ADE700CCDB36 /* Products */;
			projectDirPath = "";
			projectRoot = "";
			targets = (
				85DA0BCB2886ADE700CCDB36 /* MusicApp */,
				85DA0BE12886ADEA00CCDB36 /* MusicAppTests */,
				85DA0BEB2886ADEA00CCDB36 /* MusicAppUITests */,
			);
		};
/* End PBXProject section */

/* Begin PBXResourcesBuildPhase section */
		85DA0BCA2886ADE700CCDB36 /* Resources */ = {
			isa = PBXResourcesBuildPhase;
			buildActionMask = 2147483647;
			files = (
				85DA0BDC2886ADE900CCDB36 /* LaunchScreen.storyboard in Resources */,
				85DA0BD92886ADE900CCDB36 /* Assets.xcassets in Resources */,
				85DA0BD72886ADE700CCDB36 /* Main.storyboard in Resources */,
			);
			runOnlyForDeploymentPostprocessing = 0;
		};
		85DA0BE02886ADEA00CCDB36 /* Resources */ = {
			isa = PBXResourcesBuildPhase;
			buildActionMask = 2147483647;
			files = (
			);
			runOnlyForDeploymentPostprocessing = 0;
		};
		85DA0BEA2886ADEA00CCDB36 /* Resources */ = {
			isa = PBXResourcesBuildPhase;
			buildActionMask = 2147483647;
			files = (
			);
			runOnlyForDeploymentPostprocessing = 0;
		};
/* End PBXResourcesBuildPhase section */

/* Begin PBXSourcesBuildPhase section */
		85DA0BC82886ADE700CCDB36 /* Sources */ = {
			isa = PBXSourcesBuildPhase;
			buildActionMask = 2147483647;
			files = (
				85DA0BD42886ADE700CCDB36 /* ViewController.swift in Sources */,
				85DA0BD02886ADE700CCDB36 /* AppDelegate.swift in Sources */,
				85DA0BD22886ADE700CCDB36 /* SceneDelegate.swift in Sources */,
			);
			runOnlyForDeploymentPostprocessing = 0;
		};
		85DA0BDE2886ADEA00CCDB36 /* Sources */ = {
			isa = PBXSourcesBuildPhase;
			buildActionMask = 2147483647;
			files = (
				85DA0BE72886ADEA00CCDB36 /* MusicAppTests.swift in Sources */,
			);
			runOnlyForDeploymentPostprocessing = 0;
		};
		85DA0BE82886ADEA00CCDB36 /* Sources */ = {
			isa = PBXSourcesBuildPhase;
			buildActionMask = 2147483647;
			files = (
				85DA0BF32886ADEA00CCDB36 /* MusicAppUITestsLaunchTests.swift in Sources */,
				85DA0BF12886ADEA00CCDB36 /* MusicAppUITests.swift in Sources */,
			);
			runOnlyForDeploymentPostprocessing = 0;
		};
/* End PBXSourcesBuildPhase section */

/* Begin PBXTargetDependency section */
		85DA0BE42886ADEA00CCDB36 /* PBXTargetDependency */ = {
			isa = PBXTargetDependency;
			target = 85DA0BCB2886ADE700CCDB36 /* MusicApp */;
			targetProxy = 85DA0BE32886ADEA00CCDB36 /* PBXContainerItemProxy */;
		};
		85DA0BEE2886ADEA00CCDB36 /* PBXTargetDependency */ = {
			isa = PBXTargetDependency;
			target = 85DA0BCB2886ADE700CCDB36 /* MusicApp */;
			targetProxy = 85DA0BED2886ADEA00CCDB36 /* PBXContainerItemProxy */;
		};
/* End PBXTargetDependency section */

/* Begin PBXVariantGroup section */
		85DA0BD52886ADE700CCDB36 /* Main.storyboard */ = {
			isa = PBXVariantGroup;
			children = (
				85DA0BD62886ADE700CCDB36 /* Base */,
			);
			name = Main.storyboard;
			sourceTree = "<group>";
		};
		85DA0BDA2886ADE900CCDB36 /* LaunchScreen.storyboard */ = {
			isa = PBXVariantGroup;
			children = (
				85DA0BDB2886ADE900CCDB36 /* Base */,
			);
			name = LaunchScreen.storyboard;
			sourceTree = "<group>";
		};
/* End PBXVariantGroup section */

/* Begin XCBuildConfiguration section */
		85DA0BF42886ADEA00CCDB36 /* Debug */ = {
			isa = XCBuildConfiguration;
			buildSettings = {
				ALWAYS_SEARCH_USER_PATHS = NO;
				CLANG_ANALYZER_NONNULL = YES;
				CLANG_ANALYZER_NUMBER_OBJECT_CONVERSION = YES_AGGRESSIVE;
				CLANG_CXX_LANGUAGE_STANDARD = "gnu++17";
				CLANG_ENABLE_MODULES = YES;
				CLANG_ENABLE_OBJC_ARC = YES;
				CLANG_ENABLE_OBJC_WEAK = YES;
				CLANG_WARN_BLOCK_CAPTURE_AUTORELEASING = YES;
				CLANG_WARN_BOOL_CONVERSION = YES;
				CLANG_WARN_COMMA = YES;
				CLANG_WARN_CONSTANT_CONVERSION = YES;
				CLANG_WARN_DEPRECATED_OBJC_IMPLEMENTATIONS = YES;
				CLANG_WARN_DIRECT_OBJC_ISA_USAGE = YES_ERROR;
				CLANG_WARN_DOCUMENTATION_COMMENTS = YES;
				CLANG_WARN_EMPTY_BODY = YES;
				CLANG_WARN_ENUM_CONVERSION = YES;
				CLANG_WARN_INFINITE_RECURSION = YES;
				CLANG_WARN_INT_CONVERSION = YES;
				CLANG_WARN_NON_LITERAL_NULL_CONVERSION = YES;
				CLANG_WARN_OBJC_IMPLICIT_RETAIN_SELF = YES;
				CLANG_WARN_OBJC_LITERAL_CONVERSION = YES;
				CLANG_WARN_OBJC_ROOT_CLASS = YES_ERROR;
				CLANG_WARN_QUOTED_INCLUDE_IN_FRAMEWORK_HEADER = YES;
				CLANG_WARN_RANGE_LOOP_ANALYSIS = YES;
				CLANG_WARN_STRICT_PROTOTYPES = YES;
				CLANG_WARN_SUSPICIOUS_MOVE = YES;
				CLANG_WARN_UNGUARDED_AVAILABILITY = YES_AGGRESSIVE;
				CLANG_WARN_UNREACHABLE_CODE = YES;
				CLANG_WARN__DUPLICATE_METHOD_MATCH = YES;
				COPY_PHASE_STRIP = NO;
				DEBUG_INFORMATION_FORMAT = dwarf;
				ENABLE_STRICT_OBJC_MSGSEND = YES;
				ENABLE_TESTABILITY = YES;
				GCC_C_LANGUAGE_STANDARD = gnu11;
				GCC_DYNAMIC_NO_PIC = NO;
				GCC_NO_COMMON_BLOCKS = YES;
				GCC_OPTIMIZATION_LEVEL = 0;
				GCC_PREPROCESSOR_DEFINITIONS = (
					"DEBUG=1",
					"$(inherited)",
				);
				GCC_WARN_64_TO_32_BIT_CONVERSION = YES;
				GCC_WARN_ABOUT_RETURN_TYPE = YES_ERROR;
				GCC_WARN_UNDECLARED_SELECTOR = YES;
				GCC_WARN_UNINITIALIZED_AUTOS = YES_AGGRESSIVE;
				GCC_WARN_UNUSED_FUNCTION = YES;
				GCC_WARN_UNUSED_VARIABLE = YES;
				IPHONEOS_DEPLOYMENT_TARGET = 15.5;
				MTL_ENABLE_DEBUG_INFO = INCLUDE_SOURCE;
				MTL_FAST_MATH = YES;
				ONLY_ACTIVE_ARCH = YES;
				SDKROOT = iphoneos;
				SWIFT_ACTIVE_COMPILATION_CONDITIONS = DEBUG;
				SWIFT_OPTIMIZATION_LEVEL = "-Onone";
			};
			name = Debug;
		};
		85DA0BF52886ADEA00CCDB36 /* Release */ = {
			isa = XCBuildConfiguration;
			buildSettings = {
				ALWAYS_SEARCH_USER_PATHS = NO;
				CLANG_ANALYZER_NONNULL = YES;
				CLANG_ANALYZER_NUMBER_OBJECT_CONVERSION = YES_AGGRESSIVE;
				CLANG_CXX_LANGUAGE_STANDARD = "gnu++17";
				CLANG_ENABLE_MODULES = YES;
				CLANG_ENABLE_OBJC_ARC = YES;
				CLANG_ENABLE_OBJC_WEAK = YES;
				CLANG_WARN_BLOCK_CAPTURE_AUTORELEASING = YES;
				CLANG_WARN_BOOL_CONVERSION = YES;
				CLANG_WARN_COMMA = YES;
				CLANG_WARN_CONSTANT_CONVERSION = YES;
				CLANG_WARN_DEPRECATED_OBJC_IMPLEMENTATIONS = YES;
				CLANG_WARN_DIRECT_OBJC_ISA_USAGE = YES_ERROR;
				CLANG_WARN_DOCUMENTATION_COMMENTS = YES;
				CLANG_WARN_EMPTY_BODY = YES;
				CLANG_WARN_ENUM_CONVERSION = YES;
				CLANG_WARN_INFINITE_RECURSION = YES;
				CLANG_WARN_INT_CONVERSION = YES;
				CLANG_WARN_NON_LITERAL_NULL_CONVERSION = YES;
				CLANG_WARN_OBJC_IMPLICIT_RETAIN_SELF = YES;
				CLANG_WARN_OBJC_LITERAL_CONVERSION = YES;
				CLANG_WARN_OBJC_ROOT_CLASS = YES_ERROR;
				CLANG_WARN_QUOTED_INCLUDE_IN_FRAMEWORK_HEADER = YES;
				CLANG_WARN_RANGE_LOOP_ANALYSIS = YES;
				CLANG_WARN_STRICT_PROTOTYPES = YES;
				CLANG_WARN_SUSPICIOUS_MOVE = YES;
				CLANG_WARN_UNGUARDED_AVAILABILITY = YES_AGGRESSIVE;
				CLANG_WARN_UNREACHABLE_CODE = YES;
				CLANG_WARN__DUPLICATE_METHOD_MATCH = YES;
				COPY_PHASE_STRIP = NO;
				DEBUG_INFORMATION_FORMAT = "dwarf-with-dsym";
				ENABLE_NS_ASSERTIONS = NO;
				ENABLE_STRICT_OBJC_MSGSEND = YES;
				GCC_C_LANGUAGE_STANDARD = gnu11;
				GCC_NO_COMMON_BLOCKS = YES;
				GCC_WARN_64_TO_32_BIT_CONVERSION = YES;
				GCC_WARN_ABOUT_RETURN_TYPE = YES_ERROR;
				GCC_WARN_UNDECLARED_SELECTOR = YES;
				GCC_WARN_UNINITIALIZED_AUTOS = YES_AGGRESSIVE;
				GCC_WARN_UNUSED_FUNCTION = YES;
				GCC_WARN_UNUSED_VARIABLE = YES;
				IPHONEOS_DEPLOYMENT_TARGET = 15.5;
				MTL_ENABLE_DEBUG_INFO = NO;
				MTL_FAST_MATH = YES;
				SDKROOT = iphoneos;
				SWIFT_COMPILATION_MODE = wholemodule;
				SWIFT_OPTIMIZATION_LEVEL = "-O";
				VALIDATE_PRODUCT = YES;
			};
			name = Release;
		};
		85DA0BF72886ADEA00CCDB36 /* Debug */ = {
			isa = XCBuildConfiguration;
			buildSettings = {
				ASSETCATALOG_COMPILER_APPICON_NAME = AppIcon;
				ASSETCATALOG_COMPILER_GLOBAL_ACCENT_COLOR_NAME = AccentColor;
				CODE_SIGN_STYLE = Automatic;
				CURRENT_PROJECT_VERSION = 1;
				DEVELOPMENT_TEAM = SQMVPKM7B5;
				GENERATE_INFOPLIST_FILE = YES;
				INFOPLIST_FILE = MusicApp/Info.plist;
				INFOPLIST_KEY_UIApplicationSupportsIndirectInputEvents = YES;
				INFOPLIST_KEY_UILaunchStoryboardName = LaunchScreen;
				INFOPLIST_KEY_UIMainStoryboardFile = Main;
				INFOPLIST_KEY_UISupportedInterfaceOrientations_iPad = "UIInterfaceOrientationPortrait UIInterfaceOrientationPortraitUpsideDown UIInterfaceOrientationLandscapeLeft UIInterfaceOrientationLandscapeRight";
				INFOPLIST_KEY_UISupportedInterfaceOrientations_iPhone = "UIInterfaceOrientationPortrait UIInterfaceOrientationLandscapeLeft UIInterfaceOrientationLandscapeRight";
				LD_RUNPATH_SEARCH_PATHS = (
					"$(inherited)",
					"@executable_path/Frameworks",
				);
				MARKETING_VERSION = 1.0;
				PRODUCT_BUNDLE_IDENTIFIER = appios.com.MusicApp;
				PRODUCT_NAME = "$(TARGET_NAME)";
				SWIFT_EMIT_LOC_STRINGS = YES;
				SWIFT_VERSION = 5.0;
				TARGETED_DEVICE_FAMILY = "1,2";
			};
			name = Debug;
		};
		85DA0BF82886ADEA00CCDB36 /* Release */ = {
			isa = XCBuildConfiguration;
			buildSettings = {
				ASSETCATALOG_COMPILER_APPICON_NAME = AppIcon;
				ASSETCATALOG_COMPILER_GLOBAL_ACCENT_COLOR_NAME = AccentColor;
				CODE_SIGN_STYLE = Automatic;
				CURRENT_PROJECT_VERSION = 1;
				DEVELOPMENT_TEAM = SQMVPKM7B5;
				GENERATE_INFOPLIST_FILE = YES;
				INFOPLIST_FILE = MusicApp/Info.plist;
				INFOPLIST_KEY_UIApplicationSupportsIndirectInputEvents = YES;
				INFOPLIST_KEY_UILaunchStoryboardName = LaunchScreen;
				INFOPLIST_KEY_UIMainStoryboardFile = Main;
				INFOPLIST_KEY_UISupportedInterfaceOrientations_iPad = "UIInterfaceOrientationPortrait UIInterfaceOrientationPortraitUpsideDown UIInterfaceOrientationLandscapeLeft UIInterfaceOrientationLandscapeRight";
				INFOPLIST_KEY_UISupportedInterfaceOrientations_iPhone = "UIInterfaceOrientationPortrait UIInterfaceOrientationLandscapeLeft UIInterfaceOrientationLandscapeRight";
				LD_RUNPATH_SEARCH_PATHS = (
					"$(inherited)",
					"@executable_path/Frameworks",
				);
				MARKETING_VERSION = 1.0;
				PRODUCT_BUNDLE_IDENTIFIER = appios.com.MusicApp;
				PRODUCT_NAME = "$(TARGET_NAME)";
				SWIFT_EMIT_LOC_STRINGS = YES;
				SWIFT_VERSION = 5.0;
				TARGETED_DEVICE_FAMILY = "1,2";
			};
			name = Release;
		};
		85DA0BFA2886ADEA00CCDB36 /* Debug */ = {
			isa = XCBuildConfiguration;
			buildSettings = {
				ALWAYS_EMBED_SWIFT_STANDARD_LIBRARIES = YES;
				BUNDLE_LOADER = "$(TEST_HOST)";
				CODE_SIGN_STYLE = Automatic;
				CURRENT_PROJECT_VERSION = 1;
				DEVELOPMENT_TEAM = SQMVPKM7B5;
				GENERATE_INFOPLIST_FILE = YES;
				IPHONEOS_DEPLOYMENT_TARGET = 15.5;
				MARKETING_VERSION = 1.0;
				PRODUCT_BUNDLE_IDENTIFIER = appios.com.MusicAppTests;
				PRODUCT_NAME = "$(TARGET_NAME)";
				SWIFT_EMIT_LOC_STRINGS = NO;
				SWIFT_VERSION = 5.0;
				TARGETED_DEVICE_FAMILY = "1,2";
				TEST_HOST = "$(BUILT_PRODUCTS_DIR)/MusicApp.app/MusicApp";
			};
			name = Debug;
		};
		85DA0BFB2886ADEA00CCDB36 /* Release */ = {
			isa = XCBuildConfiguration;
			buildSettings = {
				ALWAYS_EMBED_SWIFT_STANDARD_LIBRARIES = YES;
				BUNDLE_LOADER = "$(TEST_HOST)";
				CODE_SIGN_STYLE = Automatic;
				CURRENT_PROJECT_VERSION = 1;
				DEVELOPMENT_TEAM = SQMVPKM7B5;
				GENERATE_INFOPLIST_FILE = YES;
				IPHONEOS_DEPLOYMENT_TARGET = 15.5;
				MARKETING_VERSION = 1.0;
				PRODUCT_BUNDLE_IDENTIFIER = appios.com.MusicAppTests;
				PRODUCT_NAME = "$(TARGET_NAME)";
				SWIFT_EMIT_LOC_STRINGS = NO;
				SWIFT_VERSION = 5.0;
				TARGETED_DEVICE_FAMILY = "1,2";
				TEST_HOST = "$(BUILT_PRODUCTS_DIR)/MusicApp.app/MusicApp";
			};
			name = Release;
		};
		85DA0BFD2886ADEA00CCDB36 /* Debug */ = {
			isa = XCBuildConfiguration;
			buildSettings = {
				ALWAYS_EMBED_SWIFT_STANDARD_LIBRARIES = YES;
				CODE_SIGN_STYLE = Automatic;
				CURRENT_PROJECT_VERSION = 1;
				DEVELOPMENT_TEAM = SQMVPKM7B5;
				GENERATE_INFOPLIST_FILE = YES;
				MARKETING_VERSION = 1.0;
				PRODUCT_BUNDLE_IDENTIFIER = appios.com.MusicAppUITests;
				PRODUCT_NAME = "$(TARGET_NAME)";
				SWIFT_EMIT_LOC_STRINGS = NO;
				SWIFT_VERSION = 5.0;
				TARGETED_DEVICE_FAMILY = "1,2";
				TEST_TARGET_NAME = MusicApp;
			};
			name = Debug;
		};
		85DA0BFE2886ADEA00CCDB36 /* Release */ = {
			isa = XCBuildConfiguration;
			buildSettings = {
				ALWAYS_EMBED_SWIFT_STANDARD_LIBRARIES = YES;
				CODE_SIGN_STYLE = Automatic;
				CURRENT_PROJECT_VERSION = 1;
				DEVELOPMENT_TEAM = SQMVPKM7B5;
				GENERATE_INFOPLIST_FILE = YES;
				MARKETING_VERSION = 1.0;
				PRODUCT_BUNDLE_IDENTIFIER = appios.com.MusicAppUITests;
				PRODUCT_NAME = "$(TARGET_NAME)";
				SWIFT_EMIT_LOC_STRINGS = NO;
				SWIFT_VERSION = 5.0;
				TARGETED_DEVICE_FAMILY = "1,2";
				TEST_TARGET_NAME = MusicApp;
			};
			name = Release;
		};
/* End XCBuildConfiguration section */

/* Begin XCConfigurationList section */
		85DA0BC72886ADE700CCDB36 /* Build configuration list for PBXProject "MusicApp" */ = {
			isa = XCConfigurationList;
			buildConfigurations = (
				85DA0BF42886ADEA00CCDB36 /* Debug */,
				85DA0BF52886ADEA00CCDB36 /* Release */,
			);
			defaultConfigurationIsVisible = 0;
			defaultConfigurationName = Release;
		};
		85DA0BF62886ADEA00CCDB36 /* Build configuration list for PBXNativeTarget "MusicApp" */ = {
			isa = XCConfigurationList;
			buildConfigurations = (
				85DA0BF72886ADEA00CCDB36 /* Debug */,
				85DA0BF82886ADEA00CCDB36 /* Release */,
			);
			defaultConfigurationIsVisible = 0;
			defaultConfigurationName = Release;
		};
		85DA0BF92886ADEA00CCDB36 /* Build configuration list for PBXNativeTarget "MusicAppTests" */ = {
			isa = XCConfigurationList;
			buildConfigurations = (
				85DA0BFA2886ADEA00CCDB36 /* Debug */,
				85DA0BFB2886ADEA00CCDB36 /* Release */,
			);
			defaultConfigurationIsVisible = 0;
			defaultConfigurationName = Release;
		};
		85DA0BFC2886ADEA00CCDB36 /* Build configuration list for PBXNativeTarget "MusicAppUITests" */ = {
			isa = XCConfigurationList;
			buildConfigurations = (
				85DA0BFD2886ADEA00CCDB36 /* Debug */,
				85DA0BFE2886ADEA00CCDB36 /* Release */,
			);
			defaultConfigurationIsVisible = 0;
			defaultConfigurationName = Release;
		};
/* End XCConfigurationList section */
	};
	rootObject = 85DA0BC42886ADE700CCDB36 /* Project object */;
}
